
Microsoft Visual Studio Solution File, Format Version 12.00
# Visual Studio Version 17
VisualStudioVersion = 17.13.35919.96
MinimumVisualStudioVersion = 10.0.40219.1
Project("{FAE04EC0-301F-11D3-BF4B-00C04F79EFBC}") = "DecMailBundle", "DecMailBundle\DecMailBundle.csproj", "{8D6A438A-2E5E-4FC6-AB12-0F44C3D4607F}"
EndProject
Project("{2150E333-8FDC-42A3-9474-1A3956D46DE8}") = "Solution Items", "Solution Items", "{8EC462FD-D22E-90A8-E5CE-7E832BA40C5D}"
	ProjectSection(SolutionItems) = preProject
		.gitignore = .gitignore
		LICENSE = LICENSE
		README.md = README.md
	EndProjectSection
EndProject
Global
	GlobalSection(SolutionConfigurationPlatforms) = preSolution
		Debug|x64 = Debug|x64
		Release|x64 = Release|x64
	EndGlobalSection
	GlobalSection(ProjectConfigurationPlatforms) = postSolution
		{8D6A438A-2E5E-4FC6-AB12-0F44C3D4607F}.Debug|x64.ActiveCfg = Debug|x64
		{8D6A438A-2E5E-4FC6-AB12-0F44C3D4607F}.Debug|x64.Build.0 = Debug|x64
		{8D6A438A-2E5E-4FC6-AB12-0F44C3D4607F}.Release|x64.ActiveCfg = Release|x64
		{8D6A438A-2E5E-4FC6-AB12-0F44C3D4607F}.Release|x64.Build.0 = Release|x64
	EndGlobalSection
	GlobalSection(SolutionProperties) = preSolution
		HideSolutionNode = FALSE
	EndGlobalSection
	GlobalSection(ExtensibilityGlobals) = postSolution
		SolutionGuid = {297B98EE-02B6-4F15-B9EC-C8B4224F07FA}
	EndGlobalSection
EndGlobal
